
Microsoft Visual Studio Solution File, Format Version 12.00
# Visual Studio Version 16
VisualStudioVersion = 16.0.31313.79
MinimumVisualStudioVersion = 10.0.40219.1
Project("{FAE04EC0-301F-11D3-BF4B-00C04F79EFBC}") = "AI Sample", "AI Sample\AI Sample.csproj", "{0A4B0ADB-A8BF-411D-B973-A254A884162F}"
EndProject
Global
	GlobalSection(SolutionConfigurationPlatforms) = preSolution
		Debug|Any CPU = Debug|Any CPU
		Release|Any CPU = Release|Any CPU
	EndGlobalSection
	GlobalSection(ProjectConfigurationPlatforms) = postSolution
		{0A4B0ADB-A8BF-411D-B973-A254A884162F}.Debug|Any CPU.ActiveCfg = Debug|Any CPU
		{0A4B0ADB-A8BF-411D-B973-A254A884162F}.Debug|Any CPU.Build.0 = Debug|Any CPU
		{0A4B0ADB-A8BF-411D-B973-A254A884162F}.Release|Any CPU.ActiveCfg = Release|Any CPU
		{0A4B0ADB-A8BF-411D-B973-A254A884162F}.Release|Any CPU.Build.0 = Release|Any CPU
	EndGlobalSection
	GlobalSection(SolutionProperties) = preSolution
		HideSolutionNode = FALSE
	EndGlobalSection
	GlobalSection(ExtensibilityGlobals) = postSolution
		SolutionGuid = {2554B78F-BB0E-45D1-8C07-3AA8D5930D6C}
	EndGlobalSection
EndGlobal
